<?xml version="1.0" encoding="utf-8"?>
<Project ToolsVersion="17.0" xmlns="http://schemas.microsoft.com/developer/msbuild/2003">
  <ItemGroup>
    <ClCompile Include="C:\levolver64\ev_ogl\lpng1218x64\lpng1218\lib\adler32.c">
      <Filter>Source Files</Filter>
    </ClCompile>
    <ClCompile Include="C:\levolver64\ev_ogl\lpng1218x64\lpng1218\lib\compress.c">
      <Filter>Source Files</Filter>
    </ClCompile>
    <ClCompile Include="C:\levolver64\ev_ogl\lpng1218x64\lpng1218\lib\crc32.c">
      <Filter>Source Files</Filter>
    </ClCompile>
    <ClCompile Include="C:\levolver64\ev_ogl\lpng1218x64\lpng1218\lib\deflate.c">
      <Filter>Source Files</Filter>
    </ClCompile>
    <ClCompile Include="C:\levolver64\ev_ogl\lpng1218x64\lpng1218\lib\example.c">
      <Filter>Source Files</Filter>
    </ClCompile>
    <ClCompile Include="C:\levolver64\ev_ogl\lpng1218x64\lpng1218\lib\gzio.c">
      <Filter>Source Files</Filter>
    </ClCompile>
    <ClCompile Include="C:\levolver64\ev_ogl\lpng1218x64\lpng1218\lib\infback.c">
      <Filter>Source Files</Filter>
    </ClCompile>
    <ClCompile Include="C:\levolver64\ev_ogl\lpng1218x64\lpng1218\lib\inffast.c">
      <Filter>Source Files</Filter>
    </ClCompile>
    <ClCompile Include="C:\levolver64\ev_ogl\lpng1218x64\lpng1218\lib\inflate.c">
      <Filter>Source Files</Filter>
    </ClCompile>
    <ClCompile Include="C:\levolver64\ev_ogl\lpng1218x64\lpng1218\lib\inftrees.c">
      <Filter>Source Files</Filter>
    </ClCompile>
    <ClCompile Include="C:\levolver64\ev_ogl\lpng1218x64\lpng1218\lib\minigzip.c">
      <Filter>Source Files</Filter>
    </ClCompile>
    <ClCompile Include="C:\levolver64\ev_ogl\lpng1218x64\lpng1218\lib\png.c">
      <Filter>Source Files</Filter>
    </ClCompile>
    <ClCompile Include="C:\levolver64\ev_ogl\lpng1218x64\lpng1218\lib\pngerror.c">
      <Filter>Source Files</Filter>
    </ClCompile>
    <ClCompile Include="C:\levolver64\ev_ogl\lpng1218x64\lpng1218\lib\pnggccrd.c">
      <Filter>Source Files</Filter>
    </ClCompile>
    <ClCompile Include="C:\levolver64\ev_ogl\lpng1218x64\lpng1218\lib\pngget.c">
      <Filter>Source Files</Filter>
    </ClCompile>
    <ClCompile Include="C:\levolver64\ev_ogl\lpng1218x64\lpng1218\lib\pngmem.c">
      <Filter>Source Files</Filter>
    </ClCompile>
    <ClCompile Include="C:\levolver64\ev_ogl\lpng1218x64\lpng1218\lib\pngpread.c">
      <Filter>Source Files</Filter>
    </ClCompile>
    <ClCompile Include="C:\levolver64\ev_ogl\lpng1218x64\lpng1218\lib\pngread.c">
      <Filter>Source Files</Filter>
    </ClCompile>
    <ClCompile Include="C:\levolver64\ev_ogl\lpng1218x64\lpng1218\lib\pngrio.c">
      <Filter>Source Files</Filter>
    </ClCompile>
    <ClCompile Include="C:\levolver64\ev_ogl\lpng1218x64\lpng1218\lib\pngrtran.c">
      <Filter>Source Files</Filter>
    </ClCompile>
    <ClCompile Include="C:\levolver64\ev_ogl\lpng1218x64\lpng1218\lib\pngrutil.c">
      <Filter>Source Files</Filter>
    </ClCompile>
    <ClCompile Include="C:\levolver64\ev_ogl\lpng1218x64\lpng1218\lib\pngset.c">
      <Filter>Source Files</Filter>
    </ClCompile>
    <ClCompile Include="C:\levolver64\ev_ogl\lpng1218x64\lpng1218\lib\pngtest.c">
      <Filter>Source Files</Filter>
    </ClCompile>
    <ClCompile Include="C:\levolver64\ev_ogl\lpng1218x64\lpng1218\lib\pngtrans.c">
      <Filter>Source Files</Filter>
    </ClCompile>
    <ClCompile Include="C:\levolver64\ev_ogl\lpng1218x64\lpng1218\lib\pngvcrd.c">
      <Filter>Source Files</Filter>
    </ClCompile>
    <ClCompile Include="C:\levolver64\ev_ogl\lpng1218x64\lpng1218\lib\pngwio.c">
      <Filter>Source Files</Filter>
    </ClCompile>
    <ClCompile Include="C:\levolver64\ev_ogl\lpng1218x64\lpng1218\lib\pngwrite.c">
      <Filter>Source Files</Filter>
    </ClCompile>
    <ClCompile Include="C:\levolver64\ev_ogl\lpng1218x64\lpng1218\lib\pngwtran.c">
      <Filter>Source Files</Filter>
    </ClCompile>
    <ClCompile Include="C:\levolver64\ev_ogl\lpng1218x64\lpng1218\lib\pngwutil.c">
      <Filter>Source Files</Filter>
    </ClCompile>
    <ClCompile Include="C:\levolver64\ev_ogl\lpng1218x64\lpng1218\lib\trees.c">
      <Filter>Source Files</Filter>
    </ClCompile>
    <ClCompile Include="C:\levolver64\ev_ogl\lpng1218x64\lpng1218\lib\uncompr.c">
      <Filter>Source Files</Filter>
    </ClCompile>
    <ClCompile Include="C:\levolver64\ev_ogl\lpng1218x64\lpng1218\lib\xplanet_png.c">
      <Filter>Source Files</Filter>
    </ClCompile>
    <ClCompile Include="C:\levolver64\ev_ogl\lpng1218x64\lpng1218\lib\zutil.c">
      <Filter>Source Files</Filter>
    </ClCompile>
  </ItemGroup>
  <ItemGroup>
    <CustomBuild Include="C:\levolver64\ev_ogl\lpng1218x64\lpng1218\CMakeLists.txt" />
  </ItemGroup>
  <ItemGroup>
    <Filter Include="Source Files">
      <UniqueIdentifier>{DE00E637-2469-3DC2-A00F-4AA138D8B68F}</UniqueIdentifier>
    </Filter>
  </ItemGroup>
</Project>
