Microsoft Visual Studio Solution File, Format Version 11.00
# Visual Studio 2010
Project("{8BC9CEB8-8B4A-11D0-8D11-00A0C91BC942}") = "ALL_BUILD", "ALL_BUILD.vcxproj", "{5DF0DE78-5B4B-4A94-8AE6-0320C3C56506}"
	ProjectSection(ProjectDependencies) = postProject
		{6F0520E7-2649-4C4C-93AA-FC1274E601D4} = {6F0520E7-2649-4C4C-93AA-FC1274E601D4}
		{DA810028-8F0E-42D4-9CA7-58FABF27261F} = {DA810028-8F0E-42D4-9CA7-58FABF27261F}
		{E1AAA4A2-F535-4571-93D9-8D739E959201} = {E1AAA4A2-F535-4571-93D9-8D739E959201}
		{5048ED6D-7A06-47E2-92E4-C33497D41BE8} = {5048ED6D-7A06-47E2-92E4-C33497D41BE8}
		{34703DC0-B48B-417A-87A9-CB5C4CEE43BE} = {34703DC0-B48B-417A-87A9-CB5C4CEE43BE}
	EndProjectSection
EndProject
Project("{8BC9CEB8-8B4A-11D0-8D11-00A0C91BC942}") = "INSTALL", "INSTALL.vcxproj", "{68D30318-5881-4BA7-A852-3951DC41AD38}"
	ProjectSection(ProjectDependencies) = postProject
		{5DF0DE78-5B4B-4A94-8AE6-0320C3C56506} = {5DF0DE78-5B4B-4A94-8AE6-0320C3C56506}
	EndProjectSection
EndProject
Project("{8BC9CEB8-8B4A-11D0-8D11-00A0C91BC942}") = "RUN_TESTS", "RUN_TESTS.vcxproj", "{9674AC49-4972-4555-8874-C83B6890D36D}"
	ProjectSection(ProjectDependencies) = postProject
	EndProjectSection
EndProject
Project("{8BC9CEB8-8B4A-11D0-8D11-00A0C91BC942}") = "ZERO_CHECK", "ZERO_CHECK.vcxproj", "{6F0520E7-2649-4C4C-93AA-FC1274E601D4}"
	ProjectSection(ProjectDependencies) = postProject
	EndProjectSection
EndProject
Project("{8BC9CEB8-8B4A-11D0-8D11-00A0C91BC942}") = "example", "example.vcxproj", "{DA810028-8F0E-42D4-9CA7-58FABF27261F}"
	ProjectSection(ProjectDependencies) = postProject
		{6F0520E7-2649-4C4C-93AA-FC1274E601D4} = {6F0520E7-2649-4C4C-93AA-FC1274E601D4}
		{5048ED6D-7A06-47E2-92E4-C33497D41BE8} = {5048ED6D-7A06-47E2-92E4-C33497D41BE8}
	EndProjectSection
EndProject
Project("{8BC9CEB8-8B4A-11D0-8D11-00A0C91BC942}") = "minigzip", "minigzip.vcxproj", "{E1AAA4A2-F535-4571-93D9-8D739E959201}"
	ProjectSection(ProjectDependencies) = postProject
		{6F0520E7-2649-4C4C-93AA-FC1274E601D4} = {6F0520E7-2649-4C4C-93AA-FC1274E601D4}
		{5048ED6D-7A06-47E2-92E4-C33497D41BE8} = {5048ED6D-7A06-47E2-92E4-C33497D41BE8}
	EndProjectSection
EndProject
Project("{8BC9CEB8-8B4A-11D0-8D11-00A0C91BC942}") = "zlib", "zlib.vcxproj", "{5048ED6D-7A06-47E2-92E4-C33497D41BE8}"
	ProjectSection(ProjectDependencies) = postProject
		{6F0520E7-2649-4C4C-93AA-FC1274E601D4} = {6F0520E7-2649-4C4C-93AA-FC1274E601D4}
	EndProjectSection
EndProject
Project("{8BC9CEB8-8B4A-11D0-8D11-00A0C91BC942}") = "zlibstatic", "zlibstatic.vcxproj", "{34703DC0-B48B-417A-87A9-CB5C4CEE43BE}"
	ProjectSection(ProjectDependencies) = postProject
		{6F0520E7-2649-4C4C-93AA-FC1274E601D4} = {6F0520E7-2649-4C4C-93AA-FC1274E601D4}
	EndProjectSection
EndProject
Global
	GlobalSection(SolutionConfigurationPlatforms) = preSolution
		Debug|x64 = Debug|x64
		Release|x64 = Release|x64
		MinSizeRel|x64 = MinSizeRel|x64
		RelWithDebInfo|x64 = RelWithDebInfo|x64
	EndGlobalSection
	GlobalSection(ProjectConfigurationPlatforms) = postSolution
		{5DF0DE78-5B4B-4A94-8AE6-0320C3C56506}.Debug|x64.ActiveCfg = Debug|x64
		{5DF0DE78-5B4B-4A94-8AE6-0320C3C56506}.Debug|x64.Build.0 = Debug|x64
		{5DF0DE78-5B4B-4A94-8AE6-0320C3C56506}.Release|x64.ActiveCfg = Release|x64
		{5DF0DE78-5B4B-4A94-8AE6-0320C3C56506}.Release|x64.Build.0 = Release|x64
		{5DF0DE78-5B4B-4A94-8AE6-0320C3C56506}.MinSizeRel|x64.ActiveCfg = MinSizeRel|x64
		{5DF0DE78-5B4B-4A94-8AE6-0320C3C56506}.MinSizeRel|x64.Build.0 = MinSizeRel|x64
		{5DF0DE78-5B4B-4A94-8AE6-0320C3C56506}.RelWithDebInfo|x64.ActiveCfg = RelWithDebInfo|x64
		{5DF0DE78-5B4B-4A94-8AE6-0320C3C56506}.RelWithDebInfo|x64.Build.0 = RelWithDebInfo|x64
		{68D30318-5881-4BA7-A852-3951DC41AD38}.Debug|x64.ActiveCfg = Debug|x64
		{68D30318-5881-4BA7-A852-3951DC41AD38}.Release|x64.ActiveCfg = Release|x64
		{68D30318-5881-4BA7-A852-3951DC41AD38}.MinSizeRel|x64.ActiveCfg = MinSizeRel|x64
		{68D30318-5881-4BA7-A852-3951DC41AD38}.RelWithDebInfo|x64.ActiveCfg = RelWithDebInfo|x64
		{9674AC49-4972-4555-8874-C83B6890D36D}.Debug|x64.ActiveCfg = Debug|x64
		{9674AC49-4972-4555-8874-C83B6890D36D}.Release|x64.ActiveCfg = Release|x64
		{9674AC49-4972-4555-8874-C83B6890D36D}.MinSizeRel|x64.ActiveCfg = MinSizeRel|x64
		{9674AC49-4972-4555-8874-C83B6890D36D}.RelWithDebInfo|x64.ActiveCfg = RelWithDebInfo|x64
		{6F0520E7-2649-4C4C-93AA-FC1274E601D4}.Debug|x64.ActiveCfg = Debug|x64
		{6F0520E7-2649-4C4C-93AA-FC1274E601D4}.Debug|x64.Build.0 = Debug|x64
		{6F0520E7-2649-4C4C-93AA-FC1274E601D4}.Release|x64.ActiveCfg = Release|x64
		{6F0520E7-2649-4C4C-93AA-FC1274E601D4}.Release|x64.Build.0 = Release|x64
		{6F0520E7-2649-4C4C-93AA-FC1274E601D4}.MinSizeRel|x64.ActiveCfg = MinSizeRel|x64
		{6F0520E7-2649-4C4C-93AA-FC1274E601D4}.MinSizeRel|x64.Build.0 = MinSizeRel|x64
		{6F0520E7-2649-4C4C-93AA-FC1274E601D4}.RelWithDebInfo|x64.ActiveCfg = RelWithDebInfo|x64
		{6F0520E7-2649-4C4C-93AA-FC1274E601D4}.RelWithDebInfo|x64.Build.0 = RelWithDebInfo|x64
		{DA810028-8F0E-42D4-9CA7-58FABF27261F}.Debug|x64.ActiveCfg = Debug|x64
		{DA810028-8F0E-42D4-9CA7-58FABF27261F}.Debug|x64.Build.0 = Debug|x64
		{DA810028-8F0E-42D4-9CA7-58FABF27261F}.Release|x64.ActiveCfg = Release|x64
		{DA810028-8F0E-42D4-9CA7-58FABF27261F}.Release|x64.Build.0 = Release|x64
		{DA810028-8F0E-42D4-9CA7-58FABF27261F}.MinSizeRel|x64.ActiveCfg = MinSizeRel|x64
		{DA810028-8F0E-42D4-9CA7-58FABF27261F}.MinSizeRel|x64.Build.0 = MinSizeRel|x64
		{DA810028-8F0E-42D4-9CA7-58FABF27261F}.RelWithDebInfo|x64.ActiveCfg = RelWithDebInfo|x64
		{DA810028-8F0E-42D4-9CA7-58FABF27261F}.RelWithDebInfo|x64.Build.0 = RelWithDebInfo|x64
		{E1AAA4A2-F535-4571-93D9-8D739E959201}.Debug|x64.ActiveCfg = Debug|x64
		{E1AAA4A2-F535-4571-93D9-8D739E959201}.Debug|x64.Build.0 = Debug|x64
		{E1AAA4A2-F535-4571-93D9-8D739E959201}.Release|x64.ActiveCfg = Release|x64
		{E1AAA4A2-F535-4571-93D9-8D739E959201}.Release|x64.Build.0 = Release|x64
		{E1AAA4A2-F535-4571-93D9-8D739E959201}.MinSizeRel|x64.ActiveCfg = MinSizeRel|x64
		{E1AAA4A2-F535-4571-93D9-8D739E959201}.MinSizeRel|x64.Build.0 = MinSizeRel|x64
		{E1AAA4A2-F535-4571-93D9-8D739E959201}.RelWithDebInfo|x64.ActiveCfg = RelWithDebInfo|x64
		{E1AAA4A2-F535-4571-93D9-8D739E959201}.RelWithDebInfo|x64.Build.0 = RelWithDebInfo|x64
		{5048ED6D-7A06-47E2-92E4-C33497D41BE8}.Debug|x64.ActiveCfg = Debug|x64
		{5048ED6D-7A06-47E2-92E4-C33497D41BE8}.Debug|x64.Build.0 = Debug|x64
		{5048ED6D-7A06-47E2-92E4-C33497D41BE8}.Release|x64.ActiveCfg = Release|x64
		{5048ED6D-7A06-47E2-92E4-C33497D41BE8}.Release|x64.Build.0 = Release|x64
		{5048ED6D-7A06-47E2-92E4-C33497D41BE8}.MinSizeRel|x64.ActiveCfg = MinSizeRel|x64
		{5048ED6D-7A06-47E2-92E4-C33497D41BE8}.MinSizeRel|x64.Build.0 = MinSizeRel|x64
		{5048ED6D-7A06-47E2-92E4-C33497D41BE8}.RelWithDebInfo|x64.ActiveCfg = RelWithDebInfo|x64
		{5048ED6D-7A06-47E2-92E4-C33497D41BE8}.RelWithDebInfo|x64.Build.0 = RelWithDebInfo|x64
		{34703DC0-B48B-417A-87A9-CB5C4CEE43BE}.Debug|x64.ActiveCfg = Debug|x64
		{34703DC0-B48B-417A-87A9-CB5C4CEE43BE}.Debug|x64.Build.0 = Debug|x64
		{34703DC0-B48B-417A-87A9-CB5C4CEE43BE}.Release|x64.ActiveCfg = Release|x64
		{34703DC0-B48B-417A-87A9-CB5C4CEE43BE}.Release|x64.Build.0 = Release|x64
		{34703DC0-B48B-417A-87A9-CB5C4CEE43BE}.MinSizeRel|x64.ActiveCfg = MinSizeRel|x64
		{34703DC0-B48B-417A-87A9-CB5C4CEE43BE}.MinSizeRel|x64.Build.0 = MinSizeRel|x64
		{34703DC0-B48B-417A-87A9-CB5C4CEE43BE}.RelWithDebInfo|x64.ActiveCfg = RelWithDebInfo|x64
		{34703DC0-B48B-417A-87A9-CB5C4CEE43BE}.RelWithDebInfo|x64.Build.0 = RelWithDebInfo|x64
	EndGlobalSection
	GlobalSection(ExtensibilityGlobals) = postSolution
	EndGlobalSection
	GlobalSection(ExtensibilityAddIns) = postSolution
	EndGlobalSection
EndGlobal
