<?xml version="1.0" encoding="utf-8"?>
<Project ToolsVersion="17.0" xmlns="http://schemas.microsoft.com/developer/msbuild/2003">
  <ItemGroup>
    <ClCompile Include="C:\metis\metis-4.0\lib\balance.c">
      <Filter>Source Files</Filter>
    </ClCompile>
    <ClCompile Include="C:\metis\metis-4.0\lib\bucketsort.c">
      <Filter>Source Files</Filter>
    </ClCompile>
    <ClCompile Include="C:\metis\metis-4.0\lib\ccgraph.c">
      <Filter>Source Files</Filter>
    </ClCompile>
    <ClCompile Include="C:\metis\metis-4.0\lib\coarsen.c">
      <Filter>Source Files</Filter>
    </ClCompile>
    <ClCompile Include="C:\metis\metis-4.0\lib\debug.c">
      <Filter>Source Files</Filter>
    </ClCompile>
    <ClCompile Include="C:\metis\metis-4.0\lib\fm.c">
      <Filter>Source Files</Filter>
    </ClCompile>
    <ClCompile Include="C:\metis\metis-4.0\lib\frename.c">
      <Filter>Source Files</Filter>
    </ClCompile>
    <ClCompile Include="C:\metis\metis-4.0\lib\graph.c">
      <Filter>Source Files</Filter>
    </ClCompile>
    <ClCompile Include="C:\metis\metis-4.0\lib\initpart.c">
      <Filter>Source Files</Filter>
    </ClCompile>
    <ClCompile Include="C:\metis\metis-4.0\lib\kmetis.c">
      <Filter>Source Files</Filter>
    </ClCompile>
    <ClCompile Include="C:\metis\metis-4.0\lib\memory.c">
      <Filter>Source Files</Filter>
    </ClCompile>
    <ClCompile Include="C:\metis\metis-4.0\lib\mesh.c">
      <Filter>Source Files</Filter>
    </ClCompile>
    <ClCompile Include="C:\metis\metis-4.0\lib\meshpart.c">
      <Filter>Source Files</Filter>
    </ClCompile>
    <ClCompile Include="C:\metis\metis-4.0\lib\mincover.c">
      <Filter>Source Files</Filter>
    </ClCompile>
    <ClCompile Include="C:\metis\metis-4.0\lib\mmd.c">
      <Filter>Source Files</Filter>
    </ClCompile>
    <ClCompile Include="C:\metis\metis-4.0\lib\myqsort.c">
      <Filter>Source Files</Filter>
    </ClCompile>
    <ClCompile Include="C:\metis\metis-4.0\lib\pmetis.c">
      <Filter>Source Files</Filter>
    </ClCompile>
    <ClCompile Include="C:\metis\metis-4.0\lib\refine.c">
      <Filter>Source Files</Filter>
    </ClCompile>
    <ClCompile Include="C:\metis\metis-4.0\lib\stat.c">
      <Filter>Source Files</Filter>
    </ClCompile>
    <ClCompile Include="C:\metis\metis-4.0\lib\subdomains.c">
      <Filter>Source Files</Filter>
    </ClCompile>
    <ClCompile Include="C:\metis\metis-4.0\lib\timing.c">
      <Filter>Source Files</Filter>
    </ClCompile>
    <ClCompile Include="C:\metis\metis-4.0\lib\util.c">
      <Filter>Source Files</Filter>
    </ClCompile>
  </ItemGroup>
  <ItemGroup>
    <CustomBuild Include="C:\metis\metis-4.0\CMakeLists.txt" />
  </ItemGroup>
  <ItemGroup>
    <Filter Include="Source Files">
      <UniqueIdentifier>{AB8588C4-F87C-3712-9D1A-EDE517586882}</UniqueIdentifier>
    </Filter>
  </ItemGroup>
</Project>
