Microsoft Visual Studio Solution File, Format Version 11.00
# Visual Studio 2010
Project("{8BC9CEB8-8B4A-11D0-8D11-00A0C91BC942}") = "ALL_BUILD", "ALL_BUILD.vcxproj", "{B6BDD8B8-22D3-4EF2-80E9-F3402D2086EC}"
	ProjectSection(ProjectDependencies) = postProject
		{D0ABF71D-3D63-40FD-B6C5-8EA6CF548E34} = {D0ABF71D-3D63-40FD-B6C5-8EA6CF548E34}
		{C28E780A-64EE-4D21-8AE6-70E13F73DFFD} = {C28E780A-64EE-4D21-8AE6-70E13F73DFFD}
		{CECADC26-2D08-4D59-A382-490A9B6CDA9A} = {CECADC26-2D08-4D59-A382-490A9B6CDA9A}
		{4FCAC57C-C6E2-4153-8F5D-66894104E240} = {4FCAC57C-C6E2-4153-8F5D-66894104E240}
		{B4EB3794-CBA9-4F93-9194-B94038757614} = {B4EB3794-CBA9-4F93-9194-B94038757614}
	EndProjectSection
EndProject
Project("{8BC9CEB8-8B4A-11D0-8D11-00A0C91BC942}") = "INSTALL", "INSTALL.vcxproj", "{1DB9884F-29A3-4712-938A-8683091AFB7A}"
	ProjectSection(ProjectDependencies) = postProject
		{B6BDD8B8-22D3-4EF2-80E9-F3402D2086EC} = {B6BDD8B8-22D3-4EF2-80E9-F3402D2086EC}
	EndProjectSection
EndProject
Project("{8BC9CEB8-8B4A-11D0-8D11-00A0C91BC942}") = "RUN_TESTS", "RUN_TESTS.vcxproj", "{BFB135ED-60E2-4535-ADA3-800A770EF6F3}"
	ProjectSection(ProjectDependencies) = postProject
	EndProjectSection
EndProject
Project("{8BC9CEB8-8B4A-11D0-8D11-00A0C91BC942}") = "ZERO_CHECK", "ZERO_CHECK.vcxproj", "{D0ABF71D-3D63-40FD-B6C5-8EA6CF548E34}"
	ProjectSection(ProjectDependencies) = postProject
	EndProjectSection
EndProject
Project("{8BC9CEB8-8B4A-11D0-8D11-00A0C91BC942}") = "example", "example.vcxproj", "{C28E780A-64EE-4D21-8AE6-70E13F73DFFD}"
	ProjectSection(ProjectDependencies) = postProject
		{D0ABF71D-3D63-40FD-B6C5-8EA6CF548E34} = {D0ABF71D-3D63-40FD-B6C5-8EA6CF548E34}
		{4FCAC57C-C6E2-4153-8F5D-66894104E240} = {4FCAC57C-C6E2-4153-8F5D-66894104E240}
	EndProjectSection
EndProject
Project("{8BC9CEB8-8B4A-11D0-8D11-00A0C91BC942}") = "minigzip", "minigzip.vcxproj", "{CECADC26-2D08-4D59-A382-490A9B6CDA9A}"
	ProjectSection(ProjectDependencies) = postProject
		{D0ABF71D-3D63-40FD-B6C5-8EA6CF548E34} = {D0ABF71D-3D63-40FD-B6C5-8EA6CF548E34}
		{4FCAC57C-C6E2-4153-8F5D-66894104E240} = {4FCAC57C-C6E2-4153-8F5D-66894104E240}
	EndProjectSection
EndProject
Project("{8BC9CEB8-8B4A-11D0-8D11-00A0C91BC942}") = "zlib", "zlib.vcxproj", "{4FCAC57C-C6E2-4153-8F5D-66894104E240}"
	ProjectSection(ProjectDependencies) = postProject
		{D0ABF71D-3D63-40FD-B6C5-8EA6CF548E34} = {D0ABF71D-3D63-40FD-B6C5-8EA6CF548E34}
	EndProjectSection
EndProject
Project("{8BC9CEB8-8B4A-11D0-8D11-00A0C91BC942}") = "zlibstatic", "zlibstatic.vcxproj", "{B4EB3794-CBA9-4F93-9194-B94038757614}"
	ProjectSection(ProjectDependencies) = postProject
		{D0ABF71D-3D63-40FD-B6C5-8EA6CF548E34} = {D0ABF71D-3D63-40FD-B6C5-8EA6CF548E34}
	EndProjectSection
EndProject
Global
	GlobalSection(SolutionConfigurationPlatforms) = preSolution
		Debug|x64 = Debug|x64
		Release|x64 = Release|x64
		MinSizeRel|x64 = MinSizeRel|x64
		RelWithDebInfo|x64 = RelWithDebInfo|x64
	EndGlobalSection
	GlobalSection(ProjectConfigurationPlatforms) = postSolution
		{B6BDD8B8-22D3-4EF2-80E9-F3402D2086EC}.Debug|x64.ActiveCfg = Debug|x64
		{B6BDD8B8-22D3-4EF2-80E9-F3402D2086EC}.Debug|x64.Build.0 = Debug|x64
		{B6BDD8B8-22D3-4EF2-80E9-F3402D2086EC}.Release|x64.ActiveCfg = Release|x64
		{B6BDD8B8-22D3-4EF2-80E9-F3402D2086EC}.Release|x64.Build.0 = Release|x64
		{B6BDD8B8-22D3-4EF2-80E9-F3402D2086EC}.MinSizeRel|x64.ActiveCfg = MinSizeRel|x64
		{B6BDD8B8-22D3-4EF2-80E9-F3402D2086EC}.MinSizeRel|x64.Build.0 = MinSizeRel|x64
		{B6BDD8B8-22D3-4EF2-80E9-F3402D2086EC}.RelWithDebInfo|x64.ActiveCfg = RelWithDebInfo|x64
		{B6BDD8B8-22D3-4EF2-80E9-F3402D2086EC}.RelWithDebInfo|x64.Build.0 = RelWithDebInfo|x64
		{1DB9884F-29A3-4712-938A-8683091AFB7A}.Debug|x64.ActiveCfg = Debug|x64
		{1DB9884F-29A3-4712-938A-8683091AFB7A}.Release|x64.ActiveCfg = Release|x64
		{1DB9884F-29A3-4712-938A-8683091AFB7A}.MinSizeRel|x64.ActiveCfg = MinSizeRel|x64
		{1DB9884F-29A3-4712-938A-8683091AFB7A}.RelWithDebInfo|x64.ActiveCfg = RelWithDebInfo|x64
		{BFB135ED-60E2-4535-ADA3-800A770EF6F3}.Debug|x64.ActiveCfg = Debug|x64
		{BFB135ED-60E2-4535-ADA3-800A770EF6F3}.Release|x64.ActiveCfg = Release|x64
		{BFB135ED-60E2-4535-ADA3-800A770EF6F3}.MinSizeRel|x64.ActiveCfg = MinSizeRel|x64
		{BFB135ED-60E2-4535-ADA3-800A770EF6F3}.RelWithDebInfo|x64.ActiveCfg = RelWithDebInfo|x64
		{D0ABF71D-3D63-40FD-B6C5-8EA6CF548E34}.Debug|x64.ActiveCfg = Debug|x64
		{D0ABF71D-3D63-40FD-B6C5-8EA6CF548E34}.Debug|x64.Build.0 = Debug|x64
		{D0ABF71D-3D63-40FD-B6C5-8EA6CF548E34}.Release|x64.ActiveCfg = Release|x64
		{D0ABF71D-3D63-40FD-B6C5-8EA6CF548E34}.Release|x64.Build.0 = Release|x64
		{D0ABF71D-3D63-40FD-B6C5-8EA6CF548E34}.MinSizeRel|x64.ActiveCfg = MinSizeRel|x64
		{D0ABF71D-3D63-40FD-B6C5-8EA6CF548E34}.MinSizeRel|x64.Build.0 = MinSizeRel|x64
		{D0ABF71D-3D63-40FD-B6C5-8EA6CF548E34}.RelWithDebInfo|x64.ActiveCfg = RelWithDebInfo|x64
		{D0ABF71D-3D63-40FD-B6C5-8EA6CF548E34}.RelWithDebInfo|x64.Build.0 = RelWithDebInfo|x64
		{C28E780A-64EE-4D21-8AE6-70E13F73DFFD}.Debug|x64.ActiveCfg = Debug|x64
		{C28E780A-64EE-4D21-8AE6-70E13F73DFFD}.Debug|x64.Build.0 = Debug|x64
		{C28E780A-64EE-4D21-8AE6-70E13F73DFFD}.Release|x64.ActiveCfg = Release|x64
		{C28E780A-64EE-4D21-8AE6-70E13F73DFFD}.Release|x64.Build.0 = Release|x64
		{C28E780A-64EE-4D21-8AE6-70E13F73DFFD}.MinSizeRel|x64.ActiveCfg = MinSizeRel|x64
		{C28E780A-64EE-4D21-8AE6-70E13F73DFFD}.MinSizeRel|x64.Build.0 = MinSizeRel|x64
		{C28E780A-64EE-4D21-8AE6-70E13F73DFFD}.RelWithDebInfo|x64.ActiveCfg = RelWithDebInfo|x64
		{C28E780A-64EE-4D21-8AE6-70E13F73DFFD}.RelWithDebInfo|x64.Build.0 = RelWithDebInfo|x64
		{CECADC26-2D08-4D59-A382-490A9B6CDA9A}.Debug|x64.ActiveCfg = Debug|x64
		{CECADC26-2D08-4D59-A382-490A9B6CDA9A}.Debug|x64.Build.0 = Debug|x64
		{CECADC26-2D08-4D59-A382-490A9B6CDA9A}.Release|x64.ActiveCfg = Release|x64
		{CECADC26-2D08-4D59-A382-490A9B6CDA9A}.Release|x64.Build.0 = Release|x64
		{CECADC26-2D08-4D59-A382-490A9B6CDA9A}.MinSizeRel|x64.ActiveCfg = MinSizeRel|x64
		{CECADC26-2D08-4D59-A382-490A9B6CDA9A}.MinSizeRel|x64.Build.0 = MinSizeRel|x64
		{CECADC26-2D08-4D59-A382-490A9B6CDA9A}.RelWithDebInfo|x64.ActiveCfg = RelWithDebInfo|x64
		{CECADC26-2D08-4D59-A382-490A9B6CDA9A}.RelWithDebInfo|x64.Build.0 = RelWithDebInfo|x64
		{4FCAC57C-C6E2-4153-8F5D-66894104E240}.Debug|x64.ActiveCfg = Debug|x64
		{4FCAC57C-C6E2-4153-8F5D-66894104E240}.Debug|x64.Build.0 = Debug|x64
		{4FCAC57C-C6E2-4153-8F5D-66894104E240}.Release|x64.ActiveCfg = Release|x64
		{4FCAC57C-C6E2-4153-8F5D-66894104E240}.Release|x64.Build.0 = Release|x64
		{4FCAC57C-C6E2-4153-8F5D-66894104E240}.MinSizeRel|x64.ActiveCfg = MinSizeRel|x64
		{4FCAC57C-C6E2-4153-8F5D-66894104E240}.MinSizeRel|x64.Build.0 = MinSizeRel|x64
		{4FCAC57C-C6E2-4153-8F5D-66894104E240}.RelWithDebInfo|x64.ActiveCfg = RelWithDebInfo|x64
		{4FCAC57C-C6E2-4153-8F5D-66894104E240}.RelWithDebInfo|x64.Build.0 = RelWithDebInfo|x64
		{B4EB3794-CBA9-4F93-9194-B94038757614}.Debug|x64.ActiveCfg = Debug|x64
		{B4EB3794-CBA9-4F93-9194-B94038757614}.Debug|x64.Build.0 = Debug|x64
		{B4EB3794-CBA9-4F93-9194-B94038757614}.Release|x64.ActiveCfg = Release|x64
		{B4EB3794-CBA9-4F93-9194-B94038757614}.Release|x64.Build.0 = Release|x64
		{B4EB3794-CBA9-4F93-9194-B94038757614}.MinSizeRel|x64.ActiveCfg = MinSizeRel|x64
		{B4EB3794-CBA9-4F93-9194-B94038757614}.MinSizeRel|x64.Build.0 = MinSizeRel|x64
		{B4EB3794-CBA9-4F93-9194-B94038757614}.RelWithDebInfo|x64.ActiveCfg = RelWithDebInfo|x64
		{B4EB3794-CBA9-4F93-9194-B94038757614}.RelWithDebInfo|x64.Build.0 = RelWithDebInfo|x64
	EndGlobalSection
	GlobalSection(ExtensibilityGlobals) = postSolution
	EndGlobalSection
	GlobalSection(ExtensibilityAddIns) = postSolution
	EndGlobalSection
EndGlobal
