Microsoft Visual Studio Solution File, Format Version 11.00
# Visual Studio 2010
Project("{8BC9CEB8-8B4A-11D0-8D11-00A0C91BC942}") = "libpng", "libpng.vcxproj", "{A68D2B33-A848-2BBF-6276-BE5D8A1D69F6}"
EndProject
Project("{8BC9CEB8-8B4A-11D0-8D11-00A0C91BC942}") = "pngtest", "pngtest.vcxproj", "{1B28C9DA-1C0A-CF07-58FF-A372D294850C}"
EndProject
Project("{8BC9CEB8-8B4A-11D0-8D11-00A0C91BC942}") = "zlib", "zlib.vcxproj", "{AB6BB42F-0DE0-EC8F-EF17-7BDCD1B2A4DB}"
EndProject
Global
	GlobalSection(SolutionConfigurationPlatforms) = preSolution
		DLL ASM Debug|Win32 = DLL ASM Debug|Win32
		DLL ASM Debug|x64 = DLL ASM Debug|x64
		DLL ASM Release|Win32 = DLL ASM Release|Win32
		DLL ASM Release|x64 = DLL ASM Release|x64
		DLL Debug|Win32 = DLL Debug|Win32
		DLL Debug|x64 = DLL Debug|x64
		DLL Release|Win32 = DLL Release|Win32
		DLL Release|x64 = DLL Release|x64
		DLL VB|Win32 = DLL VB|Win32
		DLL VB|x64 = DLL VB|x64
		LIB ASM Debug|Win32 = LIB ASM Debug|Win32
		LIB ASM Debug|x64 = LIB ASM Debug|x64
		LIB ASM Release|Win32 = LIB ASM Release|Win32
		LIB ASM Release|x64 = LIB ASM Release|x64
		LIB Debug|Win32 = LIB Debug|Win32
		LIB Debug|x64 = LIB Debug|x64
		LIB Release|Win32 = LIB Release|Win32
		LIB Release|x64 = LIB Release|x64
	EndGlobalSection
	GlobalSection(ProjectConfigurationPlatforms) = postSolution
		{A68D2B33-A848-2BBF-6276-BE5D8A1D69F6}.DLL ASM Debug|Win32.ActiveCfg = DLL ASM Debug|Win32
		{A68D2B33-A848-2BBF-6276-BE5D8A1D69F6}.DLL ASM Debug|x64.ActiveCfg = DLL ASM Debug|x64
		{A68D2B33-A848-2BBF-6276-BE5D8A1D69F6}.DLL ASM Debug|x64.Build.0 = DLL ASM Debug|x64
		{A68D2B33-A848-2BBF-6276-BE5D8A1D69F6}.DLL ASM Release|Win32.ActiveCfg = DLL ASM Release|Win32
		{A68D2B33-A848-2BBF-6276-BE5D8A1D69F6}.DLL ASM Release|x64.ActiveCfg = DLL ASM Release|x64
		{A68D2B33-A848-2BBF-6276-BE5D8A1D69F6}.DLL ASM Release|x64.Build.0 = DLL ASM Release|x64
		{A68D2B33-A848-2BBF-6276-BE5D8A1D69F6}.DLL Debug|Win32.ActiveCfg = DLL Debug|Win32
		{A68D2B33-A848-2BBF-6276-BE5D8A1D69F6}.DLL Debug|x64.ActiveCfg = DLL Debug|x64
		{A68D2B33-A848-2BBF-6276-BE5D8A1D69F6}.DLL Debug|x64.Build.0 = DLL Debug|x64
		{A68D2B33-A848-2BBF-6276-BE5D8A1D69F6}.DLL Release|Win32.ActiveCfg = DLL Release|Win32
		{A68D2B33-A848-2BBF-6276-BE5D8A1D69F6}.DLL Release|x64.ActiveCfg = DLL Release|x64
		{A68D2B33-A848-2BBF-6276-BE5D8A1D69F6}.DLL Release|x64.Build.0 = DLL Release|x64
		{A68D2B33-A848-2BBF-6276-BE5D8A1D69F6}.DLL VB|Win32.ActiveCfg = DLL VB|Win32
		{A68D2B33-A848-2BBF-6276-BE5D8A1D69F6}.DLL VB|x64.ActiveCfg = DLL VB|x64
		{A68D2B33-A848-2BBF-6276-BE5D8A1D69F6}.DLL VB|x64.Build.0 = DLL VB|x64
		{A68D2B33-A848-2BBF-6276-BE5D8A1D69F6}.LIB ASM Debug|Win32.ActiveCfg = LIB ASM Debug|Win32
		{A68D2B33-A848-2BBF-6276-BE5D8A1D69F6}.LIB ASM Debug|x64.ActiveCfg = LIB ASM Debug|x64
		{A68D2B33-A848-2BBF-6276-BE5D8A1D69F6}.LIB ASM Debug|x64.Build.0 = LIB ASM Debug|x64
		{A68D2B33-A848-2BBF-6276-BE5D8A1D69F6}.LIB ASM Release|Win32.ActiveCfg = LIB ASM Release|Win32
		{A68D2B33-A848-2BBF-6276-BE5D8A1D69F6}.LIB ASM Release|x64.ActiveCfg = LIB ASM Release|x64
		{A68D2B33-A848-2BBF-6276-BE5D8A1D69F6}.LIB ASM Release|x64.Build.0 = LIB ASM Release|x64
		{A68D2B33-A848-2BBF-6276-BE5D8A1D69F6}.LIB Debug|Win32.ActiveCfg = LIB Debug|Win32
		{A68D2B33-A848-2BBF-6276-BE5D8A1D69F6}.LIB Debug|x64.ActiveCfg = LIB Debug|x64
		{A68D2B33-A848-2BBF-6276-BE5D8A1D69F6}.LIB Debug|x64.Build.0 = LIB Debug|x64
		{A68D2B33-A848-2BBF-6276-BE5D8A1D69F6}.LIB Release|Win32.ActiveCfg = LIB Release|Win32
		{A68D2B33-A848-2BBF-6276-BE5D8A1D69F6}.LIB Release|x64.ActiveCfg = LIB Release|x64
		{A68D2B33-A848-2BBF-6276-BE5D8A1D69F6}.LIB Release|x64.Build.0 = LIB Release|x64
		{1B28C9DA-1C0A-CF07-58FF-A372D294850C}.DLL ASM Debug|Win32.ActiveCfg = DLL ASM Debug|Win32
		{1B28C9DA-1C0A-CF07-58FF-A372D294850C}.DLL ASM Debug|x64.ActiveCfg = DLL ASM Debug|x64
		{1B28C9DA-1C0A-CF07-58FF-A372D294850C}.DLL ASM Debug|x64.Build.0 = DLL ASM Debug|x64
		{1B28C9DA-1C0A-CF07-58FF-A372D294850C}.DLL ASM Release|Win32.ActiveCfg = DLL ASM Release|Win32
		{1B28C9DA-1C0A-CF07-58FF-A372D294850C}.DLL ASM Release|x64.ActiveCfg = DLL ASM Release|x64
		{1B28C9DA-1C0A-CF07-58FF-A372D294850C}.DLL ASM Release|x64.Build.0 = DLL ASM Release|x64
		{1B28C9DA-1C0A-CF07-58FF-A372D294850C}.DLL Debug|Win32.ActiveCfg = DLL Debug|Win32
		{1B28C9DA-1C0A-CF07-58FF-A372D294850C}.DLL Debug|x64.ActiveCfg = DLL Debug|x64
		{1B28C9DA-1C0A-CF07-58FF-A372D294850C}.DLL Debug|x64.Build.0 = DLL Debug|x64
		{1B28C9DA-1C0A-CF07-58FF-A372D294850C}.DLL Release|Win32.ActiveCfg = DLL Release|Win32
		{1B28C9DA-1C0A-CF07-58FF-A372D294850C}.DLL Release|x64.ActiveCfg = DLL Release|x64
		{1B28C9DA-1C0A-CF07-58FF-A372D294850C}.DLL Release|x64.Build.0 = DLL Release|x64
		{1B28C9DA-1C0A-CF07-58FF-A372D294850C}.DLL VB|Win32.ActiveCfg = DLL VB|Win32
		{1B28C9DA-1C0A-CF07-58FF-A372D294850C}.DLL VB|x64.ActiveCfg = DLL VB|x64
		{1B28C9DA-1C0A-CF07-58FF-A372D294850C}.DLL VB|x64.Build.0 = DLL VB|x64
		{1B28C9DA-1C0A-CF07-58FF-A372D294850C}.LIB ASM Debug|Win32.ActiveCfg = LIB ASM Debug|Win32
		{1B28C9DA-1C0A-CF07-58FF-A372D294850C}.LIB ASM Debug|x64.ActiveCfg = LIB ASM Debug|x64
		{1B28C9DA-1C0A-CF07-58FF-A372D294850C}.LIB ASM Debug|x64.Build.0 = LIB ASM Debug|x64
		{1B28C9DA-1C0A-CF07-58FF-A372D294850C}.LIB ASM Release|Win32.ActiveCfg = LIB ASM Release|Win32
		{1B28C9DA-1C0A-CF07-58FF-A372D294850C}.LIB ASM Release|x64.ActiveCfg = LIB ASM Release|x64
		{1B28C9DA-1C0A-CF07-58FF-A372D294850C}.LIB ASM Release|x64.Build.0 = LIB ASM Release|x64
		{1B28C9DA-1C0A-CF07-58FF-A372D294850C}.LIB Debug|Win32.ActiveCfg = LIB Debug|Win32
		{1B28C9DA-1C0A-CF07-58FF-A372D294850C}.LIB Debug|x64.ActiveCfg = LIB Debug|x64
		{1B28C9DA-1C0A-CF07-58FF-A372D294850C}.LIB Debug|x64.Build.0 = LIB Debug|x64
		{1B28C9DA-1C0A-CF07-58FF-A372D294850C}.LIB Release|Win32.ActiveCfg = LIB Release|Win32
		{1B28C9DA-1C0A-CF07-58FF-A372D294850C}.LIB Release|x64.ActiveCfg = LIB Release|x64
		{1B28C9DA-1C0A-CF07-58FF-A372D294850C}.LIB Release|x64.Build.0 = LIB Release|x64
		{AB6BB42F-0DE0-EC8F-EF17-7BDCD1B2A4DB}.DLL ASM Debug|Win32.ActiveCfg = DLL ASM Debug|Win32
		{AB6BB42F-0DE0-EC8F-EF17-7BDCD1B2A4DB}.DLL ASM Debug|x64.ActiveCfg = DLL ASM Debug|x64
		{AB6BB42F-0DE0-EC8F-EF17-7BDCD1B2A4DB}.DLL ASM Debug|x64.Build.0 = DLL ASM Debug|x64
		{AB6BB42F-0DE0-EC8F-EF17-7BDCD1B2A4DB}.DLL ASM Release|Win32.ActiveCfg = DLL ASM Release|Win32
		{AB6BB42F-0DE0-EC8F-EF17-7BDCD1B2A4DB}.DLL ASM Release|x64.ActiveCfg = DLL ASM Release|x64
		{AB6BB42F-0DE0-EC8F-EF17-7BDCD1B2A4DB}.DLL ASM Release|x64.Build.0 = DLL ASM Release|x64
		{AB6BB42F-0DE0-EC8F-EF17-7BDCD1B2A4DB}.DLL Debug|Win32.ActiveCfg = DLL Debug|Win32
		{AB6BB42F-0DE0-EC8F-EF17-7BDCD1B2A4DB}.DLL Debug|x64.ActiveCfg = DLL Debug|x64
		{AB6BB42F-0DE0-EC8F-EF17-7BDCD1B2A4DB}.DLL Debug|x64.Build.0 = DLL Debug|x64
		{AB6BB42F-0DE0-EC8F-EF17-7BDCD1B2A4DB}.DLL Release|Win32.ActiveCfg = DLL Release|Win32
		{AB6BB42F-0DE0-EC8F-EF17-7BDCD1B2A4DB}.DLL Release|x64.ActiveCfg = DLL Release|x64
		{AB6BB42F-0DE0-EC8F-EF17-7BDCD1B2A4DB}.DLL Release|x64.Build.0 = DLL Release|x64
		{AB6BB42F-0DE0-EC8F-EF17-7BDCD1B2A4DB}.DLL VB|Win32.ActiveCfg = DLL Release|Win32
		{AB6BB42F-0DE0-EC8F-EF17-7BDCD1B2A4DB}.DLL VB|x64.ActiveCfg = DLL Release|x64
		{AB6BB42F-0DE0-EC8F-EF17-7BDCD1B2A4DB}.DLL VB|x64.Build.0 = DLL Release|x64
		{AB6BB42F-0DE0-EC8F-EF17-7BDCD1B2A4DB}.LIB ASM Debug|Win32.ActiveCfg = LIB ASM Debug|Win32
		{AB6BB42F-0DE0-EC8F-EF17-7BDCD1B2A4DB}.LIB ASM Debug|x64.ActiveCfg = LIB ASM Debug|x64
		{AB6BB42F-0DE0-EC8F-EF17-7BDCD1B2A4DB}.LIB ASM Debug|x64.Build.0 = LIB ASM Debug|x64
		{AB6BB42F-0DE0-EC8F-EF17-7BDCD1B2A4DB}.LIB ASM Release|Win32.ActiveCfg = LIB ASM Release|Win32
		{AB6BB42F-0DE0-EC8F-EF17-7BDCD1B2A4DB}.LIB ASM Release|x64.ActiveCfg = LIB ASM Release|x64
		{AB6BB42F-0DE0-EC8F-EF17-7BDCD1B2A4DB}.LIB ASM Release|x64.Build.0 = LIB ASM Release|x64
		{AB6BB42F-0DE0-EC8F-EF17-7BDCD1B2A4DB}.LIB Debug|Win32.ActiveCfg = LIB Debug|Win32
		{AB6BB42F-0DE0-EC8F-EF17-7BDCD1B2A4DB}.LIB Debug|x64.ActiveCfg = LIB Debug|x64
		{AB6BB42F-0DE0-EC8F-EF17-7BDCD1B2A4DB}.LIB Debug|x64.Build.0 = LIB Debug|x64
		{AB6BB42F-0DE0-EC8F-EF17-7BDCD1B2A4DB}.LIB Release|Win32.ActiveCfg = LIB Release|Win32
		{AB6BB42F-0DE0-EC8F-EF17-7BDCD1B2A4DB}.LIB Release|x64.ActiveCfg = LIB Release|x64
		{AB6BB42F-0DE0-EC8F-EF17-7BDCD1B2A4DB}.LIB Release|x64.Build.0 = LIB Release|x64
	EndGlobalSection
	GlobalSection(SolutionProperties) = preSolution
		HideSolutionNode = FALSE
	EndGlobalSection
EndGlobal
