<?xml version="1.0" encoding="utf-8"?>
<Project ToolsVersion="17.0" xmlns="http://schemas.microsoft.com/developer/msbuild/2003">
  <ItemGroup>
    <CustomBuild Include="C:\levolver64\zlib-1.2.8\CMakeFiles\a7caaaaf6ce995d08cf1d7f642f07493\INSTALL_force.rule">
      <Filter>CMake Rules</Filter>
    </CustomBuild>
  </ItemGroup>
  <ItemGroup>
    <Filter Include="CMake Rules">
      <UniqueIdentifier>{8DD8E26F-3106-3C89-A9AD-FC1B6E4E3888}</UniqueIdentifier>
    </Filter>
  </ItemGroup>
</Project>
