
Microsoft Visual Studio Solution File, Format Version 12.00
# Visual Studio Version 17
Project("{8BC9CEB8-8B4A-11D0-8D11-00A0C91BC942}") = "ALL_BUILD", "ALL_BUILD.vcxproj", "{416D0FF1-D8B9-32F9-B53F-70D49F87D16A}"
	ProjectSection(ProjectDependencies) = postProject
		{9DD2906D-D462-33D7-99B6-0C54802820FB} = {9DD2906D-D462-33D7-99B6-0C54802820FB}
		{C067E336-E89A-3B38-BC99-F9679A06D27F} = {C067E336-E89A-3B38-BC99-F9679A06D27F}
		{83BD9D5A-B1D8-376F-B497-82399FEB50FD} = {83BD9D5A-B1D8-376F-B497-82399FEB50FD}
		{611A1FEA-D38D-3EDC-A228-52C4E0C105C2} = {611A1FEA-D38D-3EDC-A228-52C4E0C105C2}
		{FCB03FA5-7575-31F8-99BF-4E774BC6F429} = {FCB03FA5-7575-31F8-99BF-4E774BC6F429}
	EndProjectSection
EndProject
Project("{8BC9CEB8-8B4A-11D0-8D11-00A0C91BC942}") = "INSTALL", "INSTALL.vcxproj", "{443A38F7-C766-3218-A039-08F7C0B854A3}"
	ProjectSection(ProjectDependencies) = postProject
		{416D0FF1-D8B9-32F9-B53F-70D49F87D16A} = {416D0FF1-D8B9-32F9-B53F-70D49F87D16A}
		{9DD2906D-D462-33D7-99B6-0C54802820FB} = {9DD2906D-D462-33D7-99B6-0C54802820FB}
	EndProjectSection
EndProject
Project("{8BC9CEB8-8B4A-11D0-8D11-00A0C91BC942}") = "RUN_TESTS", "RUN_TESTS.vcxproj", "{84FD5AB7-74E3-3316-886A-D0CB5888EE0D}"
	ProjectSection(ProjectDependencies) = postProject
		{9DD2906D-D462-33D7-99B6-0C54802820FB} = {9DD2906D-D462-33D7-99B6-0C54802820FB}
	EndProjectSection
EndProject
Project("{8BC9CEB8-8B4A-11D0-8D11-00A0C91BC942}") = "ZERO_CHECK", "ZERO_CHECK.vcxproj", "{9DD2906D-D462-33D7-99B6-0C54802820FB}"
	ProjectSection(ProjectDependencies) = postProject
	EndProjectSection
EndProject
Project("{8BC9CEB8-8B4A-11D0-8D11-00A0C91BC942}") = "example", "example.vcxproj", "{C067E336-E89A-3B38-BC99-F9679A06D27F}"
	ProjectSection(ProjectDependencies) = postProject
		{9DD2906D-D462-33D7-99B6-0C54802820FB} = {9DD2906D-D462-33D7-99B6-0C54802820FB}
		{611A1FEA-D38D-3EDC-A228-52C4E0C105C2} = {611A1FEA-D38D-3EDC-A228-52C4E0C105C2}
	EndProjectSection
EndProject
Project("{8BC9CEB8-8B4A-11D0-8D11-00A0C91BC942}") = "minigzip", "minigzip.vcxproj", "{83BD9D5A-B1D8-376F-B497-82399FEB50FD}"
	ProjectSection(ProjectDependencies) = postProject
		{9DD2906D-D462-33D7-99B6-0C54802820FB} = {9DD2906D-D462-33D7-99B6-0C54802820FB}
		{611A1FEA-D38D-3EDC-A228-52C4E0C105C2} = {611A1FEA-D38D-3EDC-A228-52C4E0C105C2}
	EndProjectSection
EndProject
Project("{8BC9CEB8-8B4A-11D0-8D11-00A0C91BC942}") = "zlib", "zlib.vcxproj", "{611A1FEA-D38D-3EDC-A228-52C4E0C105C2}"
	ProjectSection(ProjectDependencies) = postProject
		{9DD2906D-D462-33D7-99B6-0C54802820FB} = {9DD2906D-D462-33D7-99B6-0C54802820FB}
	EndProjectSection
EndProject
Project("{8BC9CEB8-8B4A-11D0-8D11-00A0C91BC942}") = "zlibstatic", "zlibstatic.vcxproj", "{FCB03FA5-7575-31F8-99BF-4E774BC6F429}"
	ProjectSection(ProjectDependencies) = postProject
		{9DD2906D-D462-33D7-99B6-0C54802820FB} = {9DD2906D-D462-33D7-99B6-0C54802820FB}
	EndProjectSection
EndProject
Global
	GlobalSection(SolutionConfigurationPlatforms) = preSolution
		Debug|x64 = Debug|x64
		Release|x64 = Release|x64
		MinSizeRel|x64 = MinSizeRel|x64
		RelWithDebInfo|x64 = RelWithDebInfo|x64
	EndGlobalSection
	GlobalSection(ProjectConfigurationPlatforms) = postSolution
		{416D0FF1-D8B9-32F9-B53F-70D49F87D16A}.Debug|x64.ActiveCfg = Debug|x64
		{416D0FF1-D8B9-32F9-B53F-70D49F87D16A}.Debug|x64.Build.0 = Debug|x64
		{416D0FF1-D8B9-32F9-B53F-70D49F87D16A}.Release|x64.ActiveCfg = Release|x64
		{416D0FF1-D8B9-32F9-B53F-70D49F87D16A}.Release|x64.Build.0 = Release|x64
		{416D0FF1-D8B9-32F9-B53F-70D49F87D16A}.MinSizeRel|x64.ActiveCfg = MinSizeRel|x64
		{416D0FF1-D8B9-32F9-B53F-70D49F87D16A}.MinSizeRel|x64.Build.0 = MinSizeRel|x64
		{416D0FF1-D8B9-32F9-B53F-70D49F87D16A}.RelWithDebInfo|x64.ActiveCfg = RelWithDebInfo|x64
		{416D0FF1-D8B9-32F9-B53F-70D49F87D16A}.RelWithDebInfo|x64.Build.0 = RelWithDebInfo|x64
		{443A38F7-C766-3218-A039-08F7C0B854A3}.Debug|x64.ActiveCfg = Debug|x64
		{443A38F7-C766-3218-A039-08F7C0B854A3}.Release|x64.ActiveCfg = Release|x64
		{443A38F7-C766-3218-A039-08F7C0B854A3}.MinSizeRel|x64.ActiveCfg = MinSizeRel|x64
		{443A38F7-C766-3218-A039-08F7C0B854A3}.RelWithDebInfo|x64.ActiveCfg = RelWithDebInfo|x64
		{84FD5AB7-74E3-3316-886A-D0CB5888EE0D}.Debug|x64.ActiveCfg = Debug|x64
		{84FD5AB7-74E3-3316-886A-D0CB5888EE0D}.Release|x64.ActiveCfg = Release|x64
		{84FD5AB7-74E3-3316-886A-D0CB5888EE0D}.MinSizeRel|x64.ActiveCfg = MinSizeRel|x64
		{84FD5AB7-74E3-3316-886A-D0CB5888EE0D}.RelWithDebInfo|x64.ActiveCfg = RelWithDebInfo|x64
		{9DD2906D-D462-33D7-99B6-0C54802820FB}.Debug|x64.ActiveCfg = Debug|x64
		{9DD2906D-D462-33D7-99B6-0C54802820FB}.Debug|x64.Build.0 = Debug|x64
		{9DD2906D-D462-33D7-99B6-0C54802820FB}.Release|x64.ActiveCfg = Release|x64
		{9DD2906D-D462-33D7-99B6-0C54802820FB}.Release|x64.Build.0 = Release|x64
		{9DD2906D-D462-33D7-99B6-0C54802820FB}.MinSizeRel|x64.ActiveCfg = MinSizeRel|x64
		{9DD2906D-D462-33D7-99B6-0C54802820FB}.MinSizeRel|x64.Build.0 = MinSizeRel|x64
		{9DD2906D-D462-33D7-99B6-0C54802820FB}.RelWithDebInfo|x64.ActiveCfg = RelWithDebInfo|x64
		{9DD2906D-D462-33D7-99B6-0C54802820FB}.RelWithDebInfo|x64.Build.0 = RelWithDebInfo|x64
		{C067E336-E89A-3B38-BC99-F9679A06D27F}.Debug|x64.ActiveCfg = Debug|x64
		{C067E336-E89A-3B38-BC99-F9679A06D27F}.Debug|x64.Build.0 = Debug|x64
		{C067E336-E89A-3B38-BC99-F9679A06D27F}.Release|x64.ActiveCfg = Release|x64
		{C067E336-E89A-3B38-BC99-F9679A06D27F}.Release|x64.Build.0 = Release|x64
		{C067E336-E89A-3B38-BC99-F9679A06D27F}.MinSizeRel|x64.ActiveCfg = MinSizeRel|x64
		{C067E336-E89A-3B38-BC99-F9679A06D27F}.MinSizeRel|x64.Build.0 = MinSizeRel|x64
		{C067E336-E89A-3B38-BC99-F9679A06D27F}.RelWithDebInfo|x64.ActiveCfg = RelWithDebInfo|x64
		{C067E336-E89A-3B38-BC99-F9679A06D27F}.RelWithDebInfo|x64.Build.0 = RelWithDebInfo|x64
		{83BD9D5A-B1D8-376F-B497-82399FEB50FD}.Debug|x64.ActiveCfg = Debug|x64
		{83BD9D5A-B1D8-376F-B497-82399FEB50FD}.Debug|x64.Build.0 = Debug|x64
		{83BD9D5A-B1D8-376F-B497-82399FEB50FD}.Release|x64.ActiveCfg = Release|x64
		{83BD9D5A-B1D8-376F-B497-82399FEB50FD}.Release|x64.Build.0 = Release|x64
		{83BD9D5A-B1D8-376F-B497-82399FEB50FD}.MinSizeRel|x64.ActiveCfg = MinSizeRel|x64
		{83BD9D5A-B1D8-376F-B497-82399FEB50FD}.MinSizeRel|x64.Build.0 = MinSizeRel|x64
		{83BD9D5A-B1D8-376F-B497-82399FEB50FD}.RelWithDebInfo|x64.ActiveCfg = RelWithDebInfo|x64
		{83BD9D5A-B1D8-376F-B497-82399FEB50FD}.RelWithDebInfo|x64.Build.0 = RelWithDebInfo|x64
		{611A1FEA-D38D-3EDC-A228-52C4E0C105C2}.Debug|x64.ActiveCfg = Debug|x64
		{611A1FEA-D38D-3EDC-A228-52C4E0C105C2}.Debug|x64.Build.0 = Debug|x64
		{611A1FEA-D38D-3EDC-A228-52C4E0C105C2}.Release|x64.ActiveCfg = Release|x64
		{611A1FEA-D38D-3EDC-A228-52C4E0C105C2}.Release|x64.Build.0 = Release|x64
		{611A1FEA-D38D-3EDC-A228-52C4E0C105C2}.MinSizeRel|x64.ActiveCfg = MinSizeRel|x64
		{611A1FEA-D38D-3EDC-A228-52C4E0C105C2}.MinSizeRel|x64.Build.0 = MinSizeRel|x64
		{611A1FEA-D38D-3EDC-A228-52C4E0C105C2}.RelWithDebInfo|x64.ActiveCfg = RelWithDebInfo|x64
		{611A1FEA-D38D-3EDC-A228-52C4E0C105C2}.RelWithDebInfo|x64.Build.0 = RelWithDebInfo|x64
		{FCB03FA5-7575-31F8-99BF-4E774BC6F429}.Debug|x64.ActiveCfg = Debug|x64
		{FCB03FA5-7575-31F8-99BF-4E774BC6F429}.Debug|x64.Build.0 = Debug|x64
		{FCB03FA5-7575-31F8-99BF-4E774BC6F429}.Release|x64.ActiveCfg = Release|x64
		{FCB03FA5-7575-31F8-99BF-4E774BC6F429}.Release|x64.Build.0 = Release|x64
		{FCB03FA5-7575-31F8-99BF-4E774BC6F429}.MinSizeRel|x64.ActiveCfg = MinSizeRel|x64
		{FCB03FA5-7575-31F8-99BF-4E774BC6F429}.MinSizeRel|x64.Build.0 = MinSizeRel|x64
		{FCB03FA5-7575-31F8-99BF-4E774BC6F429}.RelWithDebInfo|x64.ActiveCfg = RelWithDebInfo|x64
		{FCB03FA5-7575-31F8-99BF-4E774BC6F429}.RelWithDebInfo|x64.Build.0 = RelWithDebInfo|x64
	EndGlobalSection
	GlobalSection(ExtensibilityGlobals) = postSolution
		SolutionGuid = {63AFB58A-1A41-309E-9C3E-B954192011F0}
	EndGlobalSection
	GlobalSection(ExtensibilityAddIns) = postSolution
	EndGlobalSection
EndGlobal
